
Microsoft Visual Studio Solution File, Format Version 12.00
# Visual Studio Version 17
VisualStudioVersion = 17.5.33530.505
MinimumVisualStudioVersion = 10.0.40219.1
Project("{FAE04EC0-301F-11D3-BF4B-00C04F79EFBC}") = "Makarovsky_tomogram_visualizer", "Makarovsky_tomogram_visualizer.csproj", "{5AB4A916-D9FF-4D2E-BC26-C3765A488592}"
EndProject
Global
	GlobalSection(SolutionConfigurationPlatforms) = preSolution
		Debug|Any CPU = Debug|Any CPU
		Release|Any CPU = Release|Any CPU
	EndGlobalSection
	GlobalSection(ProjectConfigurationPlatforms) = postSolution
		{5AB4A916-D9FF-4D2E-BC26-C3765A488592}.Debug|Any CPU.ActiveCfg = Debug|Any CPU
		{5AB4A916-D9FF-4D2E-BC26-C3765A488592}.Debug|Any CPU.Build.0 = Debug|Any CPU
		{5AB4A916-D9FF-4D2E-BC26-C3765A488592}.Release|Any CPU.ActiveCfg = Release|Any CPU
		{5AB4A916-D9FF-4D2E-BC26-C3765A488592}.Release|Any CPU.Build.0 = Release|Any CPU
	EndGlobalSection
	GlobalSection(SolutionProperties) = preSolution
		HideSolutionNode = FALSE
	EndGlobalSection
	GlobalSection(ExtensibilityGlobals) = postSolution
		SolutionGuid = {32B7CD6C-3AD5-4689-9A45-8498F86E4DBB}
	EndGlobalSection
EndGlobal
